
Microsoft Visual Studio Solution File, Format Version 12.00
# Visual Studio Version 17
VisualStudioVersion = 17.7.34202.233
MinimumVisualStudioVersion = 10.0.40219.1
Project("{FAE04EC0-301F-11D3-BF4B-00C04F79EFBC}") = "ConsoleApp12", "ConsoleApp12\ConsoleApp12.csproj", "{E28FE89D-B3CC-431D-BE4D-7FD018B8440E}"
EndProject
Global
	GlobalSection(SolutionConfigurationPlatforms) = preSolution
		Debug|Any CPU = Debug|Any CPU
		Release|Any CPU = Release|Any CPU
	EndGlobalSection
	GlobalSection(ProjectConfigurationPlatforms) = postSolution
		{E28FE89D-B3CC-431D-BE4D-7FD018B8440E}.Debug|Any CPU.ActiveCfg = Debug|Any CPU
		{E28FE89D-B3CC-431D-BE4D-7FD018B8440E}.Debug|Any CPU.Build.0 = Debug|Any CPU
		{E28FE89D-B3CC-431D-BE4D-7FD018B8440E}.Release|Any CPU.ActiveCfg = Release|Any CPU
		{E28FE89D-B3CC-431D-BE4D-7FD018B8440E}.Release|Any CPU.Build.0 = Release|Any CPU
	EndGlobalSection
	GlobalSection(SolutionProperties) = preSolution
		HideSolutionNode = FALSE
	EndGlobalSection
	GlobalSection(ExtensibilityGlobals) = postSolution
		SolutionGuid = {2D40CA07-E143-4F5B-9F35-347D19268746}
	EndGlobalSection
EndGlobal
